
Microsoft Visual Studio Solution File, Format Version 12.00
# Visual Studio Version 17
VisualStudioVersion = 17.13.35931.197
MinimumVisualStudioVersion = 10.0.40219.1
Project("{2150E333-8FDC-42A3-9474-1A3956D46DE8}") = "Services", "Services", "{02EA681E-C7D8-13C7-8484-4AC65E1B71E8}"
EndProject
Project("{2150E333-8FDC-42A3-9474-1A3956D46DE8}") = "Catalog", "Catalog", "{60F51619-F6B5-4ABA-9CFC-38552A5D354D}"
EndProject
Project("{FAE04EC0-301F-11D3-BF4B-00C04F79EFBC}") = "Catalog.API", "Services\Catalog\Catalog.API\Catalog.API.csproj", "{19FAD86E-07B4-4465-BEB7-8BE45B9029EE}"
EndProject
Global
	GlobalSection(SolutionConfigurationPlatforms) = preSolution
		Debug|Any CPU = Debug|Any CPU
		Release|Any CPU = Release|Any CPU
	EndGlobalSection
	GlobalSection(ProjectConfigurationPlatforms) = postSolution
		{19FAD86E-07B4-4465-BEB7-8BE45B9029EE}.Debug|Any CPU.ActiveCfg = Debug|Any CPU
		{19FAD86E-07B4-4465-BEB7-8BE45B9029EE}.Debug|Any CPU.Build.0 = Debug|Any CPU
		{19FAD86E-07B4-4465-BEB7-8BE45B9029EE}.Release|Any CPU.ActiveCfg = Release|Any CPU
		{19FAD86E-07B4-4465-BEB7-8BE45B9029EE}.Release|Any CPU.Build.0 = Release|Any CPU
	EndGlobalSection
	GlobalSection(SolutionProperties) = preSolution
		HideSolutionNode = FALSE
	EndGlobalSection
	GlobalSection(NestedProjects) = preSolution
		{60F51619-F6B5-4ABA-9CFC-38552A5D354D} = {02EA681E-C7D8-13C7-8484-4AC65E1B71E8}
		{19FAD86E-07B4-4465-BEB7-8BE45B9029EE} = {60F51619-F6B5-4ABA-9CFC-38552A5D354D}
	EndGlobalSection
	GlobalSection(ExtensibilityGlobals) = postSolution
		SolutionGuid = {AAB5B74E-E3F0-4DFF-A9F2-5762B1C6BCD3}
	EndGlobalSection
EndGlobal
